
Microsoft Visual Studio Solution File, Format Version 12.00
# Visual Studio 2013
VisualStudioVersion = 12.0.40629.0
MinimumVisualStudioVersion = 10.0.40219.1
Project("{8BC9CEB8-8B4A-11D0-8D11-00A0C91BC942}") = "MyWatch", "MyWatch\MyWatch.vcxproj", "{30FC983A-0487-4AE8-B590-BCB36C8084B8}"
EndProject
Global
	GlobalSection(SolutionConfigurationPlatforms) = preSolution
		Debug|Win32 = Debug|Win32
		Release|Win32 = Release|Win32
	EndGlobalSection
	GlobalSection(ProjectConfigurationPlatforms) = postSolution
		{30FC983A-0487-4AE8-B590-BCB36C8084B8}.Debug|Win32.ActiveCfg = Debug|Win32
		{30FC983A-0487-4AE8-B590-BCB36C8084B8}.Debug|Win32.Build.0 = Debug|Win32
		{30FC983A-0487-4AE8-B590-BCB36C8084B8}.Release|Win32.ActiveCfg = Release|Win32
		{30FC983A-0487-4AE8-B590-BCB36C8084B8}.Release|Win32.Build.0 = Release|Win32
	EndGlobalSection
	GlobalSection(SolutionProperties) = preSolution
		HideSolutionNode = FALSE
	EndGlobalSection
EndGlobal
